
Microsoft Visual Studio Solution File, Format Version 12.00
# Visual Studio Version 17
VisualStudioVersion = 17.3.32901.215
MinimumVisualStudioVersion = 10.0.40219.1
Project("{FAE04EC0-301F-11D3-BF4B-00C04F79EFBC}") = "clean-arch-web-api", "clean-arch-web-api\clean-arch-web-api.csproj", "{786B3A51-7B20-49EA-ABD9-F84DFFF7C834}"
EndProject
Global
	GlobalSection(SolutionConfigurationPlatforms) = preSolution
		Debug|Any CPU = Debug|Any CPU
		Release|Any CPU = Release|Any CPU
	EndGlobalSection
	GlobalSection(ProjectConfigurationPlatforms) = postSolution
		{786B3A51-7B20-49EA-ABD9-F84DFFF7C834}.Debug|Any CPU.ActiveCfg = Debug|Any CPU
		{786B3A51-7B20-49EA-ABD9-F84DFFF7C834}.Debug|Any CPU.Build.0 = Debug|Any CPU
		{786B3A51-7B20-49EA-ABD9-F84DFFF7C834}.Release|Any CPU.ActiveCfg = Release|Any CPU
		{786B3A51-7B20-49EA-ABD9-F84DFFF7C834}.Release|Any CPU.Build.0 = Release|Any CPU
	EndGlobalSection
	GlobalSection(SolutionProperties) = preSolution
		HideSolutionNode = FALSE
	EndGlobalSection
	GlobalSection(ExtensibilityGlobals) = postSolution
		SolutionGuid = {01EC85C6-672D-48CB-ACD7-03B954B969BB}
	EndGlobalSection
EndGlobal
